
Microsoft Visual Studio Solution File, Format Version 12.00
# Visual Studio Version 17
VisualStudioVersion = 17.9.34622.214
MinimumVisualStudioVersion = 10.0.40219.1
Project("{9A19103F-16F7-4668-BE54-9A1E7A4F7556}") = "WebApplication2", "WebApplication2.csproj", "{C75E625A-5121-4F6B-BABD-90BB40251809}"
EndProject
Global
	GlobalSection(SolutionConfigurationPlatforms) = preSolution
		Debug|Any CPU = Debug|Any CPU
		Release|Any CPU = Release|Any CPU
	EndGlobalSection
	GlobalSection(ProjectConfigurationPlatforms) = postSolution
		{C75E625A-5121-4F6B-BABD-90BB40251809}.Debug|Any CPU.ActiveCfg = Debug|Any CPU
		{C75E625A-5121-4F6B-BABD-90BB40251809}.Debug|Any CPU.Build.0 = Debug|Any CPU
		{C75E625A-5121-4F6B-BABD-90BB40251809}.Release|Any CPU.ActiveCfg = Release|Any CPU
		{C75E625A-5121-4F6B-BABD-90BB40251809}.Release|Any CPU.Build.0 = Release|Any CPU
	EndGlobalSection
	GlobalSection(SolutionProperties) = preSolution
		HideSolutionNode = FALSE
	EndGlobalSection
	GlobalSection(ExtensibilityGlobals) = postSolution
		SolutionGuid = {A0C24533-BD57-46D8-ADCC-3F6F507006ED}
	EndGlobalSection
EndGlobal
